# Auto-generated by Engram skill resolver. Do not edit manually.
# Regenerate with: memory_skill_sync or generate_skill_manifest.py --lock
lock_version: 1
locked_at: "2026-04-08T23:38:23Z"

entries:

  codebase-survey:
    source: local
    resolved_path: core/memory/skills/codebase-survey/
    content_hash: "sha256:a51f6f91fc1ee885573fb325a5357a0034814aef2b60ddb548b44dfd70879461"
    locked_at: "2026-04-08T23:38:23Z"
    file_count: 1
    total_bytes: 10143

  flow-trace:
    source: local
    resolved_path: core/memory/skills/flow-trace/
    content_hash: "sha256:313e9c6d8c219e96344de3967639b5d88900f76d866137b17b7f8630a263ada9"
    locked_at: "2026-04-08T23:38:23Z"
    file_count: 1
    total_bytes: 13766

  onboarding:
    source: local
    resolved_path: core/memory/skills/onboarding/
    content_hash: "sha256:b636d9e6e8dd411e77d65f771d75c2a80d659253826fd4120c975703a2b69554"
    locked_at: "2026-04-08T23:38:23Z"
    file_count: 3
    total_bytes: 9414

  session-start:
    source: local
    resolved_path: core/memory/skills/session-start/
    content_hash: "sha256:b89fbcfd74b414bd2c0f1e7d0358212505155ca3038147d774a589ec30671283"
    locked_at: "2026-04-08T23:38:23Z"
    file_count: 1
    total_bytes: 5566

  session-sync:
    source: local
    resolved_path: core/memory/skills/session-sync/
    content_hash: "sha256:093199d02106a45cca231277aa485f5fa35dfc374310bd2b235291a6a8bdc9a4"
    locked_at: "2026-04-08T23:38:23Z"
    file_count: 1
    total_bytes: 4548

  session-wrapup:
    source: local
    resolved_path: core/memory/skills/session-wrapup/
    content_hash: "sha256:fab1e55faf895435a0eb5acd728412a8b15dafef917ee1dcce50914b902c9a2a"
    locked_at: "2026-04-08T23:38:23Z"
    file_count: 1
    total_bytes: 4429
